// !$*UTF8*$!
{
	archiveVersion = 1;
	classes = {
	};
	objectVersion = 46;
	objects = {

/* Begin PBXBuildFile section */
		89010C531BCD4D390040E8B5 /* AddView.swift in Sources */ = {isa = PBXBuildFile; fileRef = 89010C521BCD4D390040E8B5 /* AddView.swift */; };
		89267D3F1BD224EF00A6253C /* TodoItem.swift in Sources */ = {isa = PBXBuildFile; fileRef = 89267D3E1BD224EF00A6253C /* TodoItem.swift */; };
		893E37001C0DD2CF00D47CFD /* Extension.swift in Sources */ = {isa = PBXBuildFile; fileRef = 893E36FF1C0DD2CE00D47CFD /* Extension.swift */; };
		897A6D931BD206DF005DD9F2 /* AddViewDelegate.swift in Sources */ = {isa = PBXBuildFile; fileRef = 897A6D921BD206DF005DD9F2 /* AddViewDelegate.swift */; };
		897BA02B1BD24BD70099044F /* DbRecord.swift in Sources */ = {isa = PBXBuildFile; fileRef = 897BA02A1BD24BD70099044F /* DbRecord.swift */; };
		89E523B21BC2AEAD00203D40 /* AppDelegate.swift in Sources */ = {isa = PBXBuildFile; fileRef = 89E523B11BC2AEAD00203D40 /* AppDelegate.swift */; };
		89E523B71BC2AEAD00203D40 /* Main.storyboard in Resources */ = {isa = PBXBuildFile; fileRef = 89E523B51BC2AEAD00203D40 /* Main.storyboard */; };
		89E523BA1BC2AEAD00203D40 /* ToDo_List.xcdatamodeld in Sources */ = {isa = PBXBuildFile; fileRef = 89E523B81BC2AEAD00203D40 /* ToDo_List.xcdatamodeld */; };
		89E523BC1BC2AEAD00203D40 /* Assets.xcassets in Resources */ = {isa = PBXBuildFile; fileRef = 89E523BB1BC2AEAD00203D40 /* Assets.xcassets */; };
		89E523BF1BC2AEAD00203D40 /* LaunchScreen.storyboard in Resources */ = {isa = PBXBuildFile; fileRef = 89E523BD1BC2AEAD00203D40 /* LaunchScreen.storyboard */; };
		89E523CA1BC2AEAD00203D40 /* ToDo_ListTests.swift in Sources */ = {isa = PBXBuildFile; fileRef = 89E523C91BC2AEAD00203D40 /* ToDo_ListTests.swift */; };
		89E523D51BC2AEAD00203D40 /* ToDo_ListUITests.swift in Sources */ = {isa = PBXBuildFile; fileRef = 89E523D41BC2AEAD00203D40 /* ToDo_ListUITests.swift */; };
		89E523E31BC2B21700203D40 /* MainTableViewController.swift in Sources */ = {isa = PBXBuildFile; fileRef = 89E523E21BC2B21700203D40 /* MainTableViewController.swift */; };
		89E523E61BC2B53800203D40 /* set.png in Resources */ = {isa = PBXBuildFile; fileRef = 89E523E51BC2B53800203D40 /* set.png */; };
		89E523EC1BC2BB5300203D40 /* check@2x.png in Resources */ = {isa = PBXBuildFile; fileRef = 89E523E81BC2BB5300203D40 /* check@2x.png */; };
		89E523ED1BC2BB5300203D40 /* clock@2x.png in Resources */ = {isa = PBXBuildFile; fileRef = 89E523E91BC2BB5300203D40 /* clock@2x.png */; };
		89E523EE1BC2BB5300203D40 /* cross@2x.png in Resources */ = {isa = PBXBuildFile; fileRef = 89E523EA1BC2BB5300203D40 /* cross@2x.png */; };
		89E523EF1BC2BB5300203D40 /* list@2x.png in Resources */ = {isa = PBXBuildFile; fileRef = 89E523EB1BC2BB5300203D40 /* list@2x.png */; };
		89E523F91BC3AABC00203D40 /* MGCDPImages.xcassets in Resources */ = {isa = PBXBuildFile; fileRef = 89E523F51BC3AABC00203D40 /* MGCDPImages.xcassets */; };
		89E523FC1BC3FB3E00203D40 /* MGConferenceDatePicker.m in Sources */ = {isa = PBXBuildFile; fileRef = 89E523FB1BC3FB3E00203D40 /* MGConferenceDatePicker.m */; };
		A2D3CF4C4D17B0362ECC17C6 /* Pods.framework in Frameworks */ = {isa = PBXBuildFile; fileRef = 4CE875EC39E3917A05C9BBA9 /* Pods.framework */; settings = {ATTRIBUTES = (Weak, ); }; };
/* End PBXBuildFile section */

/* Begin PBXContainerItemProxy section */
		89E523C61BC2AEAD00203D40 /* PBXContainerItemProxy */ = {
			isa = PBXContainerItemProxy;
			containerPortal = 89E523A61BC2AEAD00203D40 /* Project object */;
			proxyType = 1;
			remoteGlobalIDString = 89E523AD1BC2AEAD00203D40;
			remoteInfo = "ToDo List";
		};
		89E523D11BC2AEAD00203D40 /* PBXContainerItemProxy */ = {
			isa = PBXContainerItemProxy;
			containerPortal = 89E523A61BC2AEAD00203D40 /* Project object */;
			proxyType = 1;
			remoteGlobalIDString = 89E523AD1BC2AEAD00203D40;
			remoteInfo = "ToDo List";
		};
/* End PBXContainerItemProxy section */

/* Begin PBXFileReference section */
		4CE875EC39E3917A05C9BBA9 /* Pods.framework */ = {isa = PBXFileReference; explicitFileType = wrapper.framework; includeInIndex = 0; path = Pods.framework; sourceTree = BUILT_PRODUCTS_DIR; };
		89010C521BCD4D390040E8B5 /* AddView.swift */ = {isa = PBXFileReference; fileEncoding = 4; lastKnownFileType = sourcecode.swift; path = AddView.swift; sourceTree = "<group>"; };
		89267D3E1BD224EF00A6253C /* TodoItem.swift */ = {isa = PBXFileReference; fileEncoding = 4; lastKnownFileType = sourcecode.swift; path = TodoItem.swift; sourceTree = "<group>"; };
		893E36FF1C0DD2CE00D47CFD /* Extension.swift */ = {isa = PBXFileReference; fileEncoding = 4; lastKnownFileType = sourcecode.swift; path = Extension.swift; sourceTree = "<group>"; };
		897A6D921BD206DF005DD9F2 /* AddViewDelegate.swift */ = {isa = PBXFileReference; fileEncoding = 4; lastKnownFileType = sourcecode.swift; path = AddViewDelegate.swift; sourceTree = "<group>"; };
		897BA02A1BD24BD70099044F /* DbRecord.swift */ = {isa = PBXFileReference; fileEncoding = 4; lastKnownFileType = sourcecode.swift; path = DbRecord.swift; sourceTree = "<group>"; };
		89E523AE1BC2AEAD00203D40 /* ToDo List.app */ = {isa = PBXFileReference; explicitFileType = wrapper.application; includeInIndex = 0; path = "ToDo List.app"; sourceTree = BUILT_PRODUCTS_DIR; };
		89E523B11BC2AEAD00203D40 /* AppDelegate.swift */ = {isa = PBXFileReference; lastKnownFileType = sourcecode.swift; path = AppDelegate.swift; sourceTree = "<group>"; };
		89E523B61BC2AEAD00203D40 /* Base */ = {isa = PBXFileReference; lastKnownFileType = file.storyboard; name = Base; path = Base.lproj/Main.storyboard; sourceTree = "<group>"; };
		89E523B91BC2AEAD00203D40 /* ToDo_List.xcdatamodel */ = {isa = PBXFileReference; lastKnownFileType = wrapper.xcdatamodel; path = ToDo_List.xcdatamodel; sourceTree = "<group>"; };
		89E523BB1BC2AEAD00203D40 /* Assets.xcassets */ = {isa = PBXFileReference; lastKnownFileType = folder.assetcatalog; path = Assets.xcassets; sourceTree = "<group>"; };
		89E523BE1BC2AEAD00203D40 /* Base */ = {isa = PBXFileReference; lastKnownFileType = file.storyboard; name = Base; path = Base.lproj/LaunchScreen.storyboard; sourceTree = "<group>"; };
		89E523C01BC2AEAD00203D40 /* Info.plist */ = {isa = PBXFileReference; lastKnownFileType = text.plist.xml; path = Info.plist; sourceTree = "<group>"; };
		89E523C51BC2AEAD00203D40 /* ToDo ListTests.xctest */ = {isa = PBXFileReference; explicitFileType = wrapper.cfbundle; includeInIndex = 0; path = "ToDo ListTests.xctest"; sourceTree = BUILT_PRODUCTS_DIR; };
		89E523C91BC2AEAD00203D40 /* ToDo_ListTests.swift */ = {isa = PBXFileReference; lastKnownFileType = sourcecode.swift; path = ToDo_ListTests.swift; sourceTree = "<group>"; };
		89E523CB1BC2AEAD00203D40 /* Info.plist */ = {isa = PBXFileReference; lastKnownFileType = text.plist.xml; path = Info.plist; sourceTree = "<group>"; };
		89E523D01BC2AEAD00203D40 /* ToDo ListUITests.xctest */ = {isa = PBXFileReference; explicitFileType = wrapper.cfbundle; includeInIndex = 0; path = "ToDo ListUITests.xctest"; sourceTree = BUILT_PRODUCTS_DIR; };
		89E523D41BC2AEAD00203D40 /* ToDo_ListUITests.swift */ = {isa = PBXFileReference; lastKnownFileType = sourcecode.swift; path = ToDo_ListUITests.swift; sourceTree = "<group>"; };
		89E523D61BC2AEAD00203D40 /* Info.plist */ = {isa = PBXFileReference; lastKnownFileType = text.plist.xml; path = Info.plist; sourceTree = "<group>"; };
		89E523E21BC2B21700203D40 /* MainTableViewController.swift */ = {isa = PBXFileReference; fileEncoding = 4; lastKnownFileType = sourcecode.swift; path = MainTableViewController.swift; sourceTree = "<group>"; };
		89E523E51BC2B53800203D40 /* set.png */ = {isa = PBXFileReference; lastKnownFileType = image.png; path = set.png; sourceTree = "<group>"; };
		89E523E71BC2B8EA00203D40 /* Bridging-Header.h */ = {isa = PBXFileReference; lastKnownFileType = sourcecode.c.h; path = "Bridging-Header.h"; sourceTree = "<group>"; };
		89E523E81BC2BB5300203D40 /* check@2x.png */ = {isa = PBXFileReference; lastKnownFileType = image.png; path = "check@2x.png"; sourceTree = "<group>"; };
		89E523E91BC2BB5300203D40 /* clock@2x.png */ = {isa = PBXFileReference; lastKnownFileType = image.png; path = "clock@2x.png"; sourceTree = "<group>"; };
		89E523EA1BC2BB5300203D40 /* cross@2x.png */ = {isa = PBXFileReference; lastKnownFileType = image.png; path = "cross@2x.png"; sourceTree = "<group>"; };
		89E523EB1BC2BB5300203D40 /* list@2x.png */ = {isa = PBXFileReference; lastKnownFileType = image.png; path = "list@2x.png"; sourceTree = "<group>"; };
		89E523F51BC3AABC00203D40 /* MGCDPImages.xcassets */ = {isa = PBXFileReference; lastKnownFileType = folder.assetcatalog; path = MGCDPImages.xcassets; sourceTree = "<group>"; };
		89E523F61BC3AABC00203D40 /* MGConferenceDatePicker.h */ = {isa = PBXFileReference; fileEncoding = 4; lastKnownFileType = sourcecode.c.h; path = MGConferenceDatePicker.h; sourceTree = "<group>"; };
		89E523F81BC3AABC00203D40 /* MGConferenceDatePickerDelegate.h */ = {isa = PBXFileReference; fileEncoding = 4; lastKnownFileType = sourcecode.c.h; path = MGConferenceDatePickerDelegate.h; sourceTree = "<group>"; };
		89E523FB1BC3FB3E00203D40 /* MGConferenceDatePicker.m */ = {isa = PBXFileReference; fileEncoding = 4; lastKnownFileType = sourcecode.c.objc; path = MGConferenceDatePicker.m; sourceTree = "<group>"; };
		B5260A2E458FB0035827BFBC /* Pods.debug.xcconfig */ = {isa = PBXFileReference; includeInIndex = 1; lastKnownFileType = text.xcconfig; name = Pods.debug.xcconfig; path = "Pods/Target Support Files/Pods/Pods.debug.xcconfig"; sourceTree = "<group>"; };
		BFF672BF54332BDDCCDAFE35 /* Pods.release.xcconfig */ = {isa = PBXFileReference; includeInIndex = 1; lastKnownFileType = text.xcconfig; name = Pods.release.xcconfig; path = "Pods/Target Support Files/Pods/Pods.release.xcconfig"; sourceTree = "<group>"; };
/* End PBXFileReference section */

/* Begin PBXFrameworksBuildPhase section */
		89E523AB1BC2AEAD00203D40 /* Frameworks */ = {
			isa = PBXFrameworksBuildPhase;
			buildActionMask = 2147483647;
			files = (
				A2D3CF4C4D17B0362ECC17C6 /* Pods.framework in Frameworks */,
			);
			runOnlyForDeploymentPostprocessing = 0;
		};
		89E523C21BC2AEAD00203D40 /* Frameworks */ = {
			isa = PBXFrameworksBuildPhase;
			buildActionMask = 2147483647;
			files = (
			);
			runOnlyForDeploymentPostprocessing = 0;
		};
		89E523CD1BC2AEAD00203D40 /* Frameworks */ = {
			isa = PBXFrameworksBuildPhase;
			buildActionMask = 2147483647;
			files = (
			);
			runOnlyForDeploymentPostprocessing = 0;
		};
/* End PBXFrameworksBuildPhase section */

/* Begin PBXGroup section */
		09F9C87C7BD5A1B7F98805A5 /* Frameworks */ = {
			isa = PBXGroup;
			children = (
				4CE875EC39E3917A05C9BBA9 /* Pods.framework */,
			);
			name = Frameworks;
			sourceTree = "<group>";
		};
		893E36FB1C0DD17900D47CFD /* Common */ = {
			isa = PBXGroup;
			children = (
				893E36FF1C0DD2CE00D47CFD /* Extension.swift */,
			);
			name = Common;
			sourceTree = "<group>";
		};
		893E36FC1C0DD18600D47CFD /* View */ = {
			isa = PBXGroup;
			children = (
				89010C521BCD4D390040E8B5 /* AddView.swift */,
				897A6D921BD206DF005DD9F2 /* AddViewDelegate.swift */,
			);
			name = View;
			sourceTree = "<group>";
		};
		893E36FD1C0DD19400D47CFD /* Controller */ = {
			isa = PBXGroup;
			children = (
				89E523E21BC2B21700203D40 /* MainTableViewController.swift */,
			);
			name = Controller;
			sourceTree = "<group>";
		};
		893E36FE1C0DD1A700D47CFD /* Third */ = {
			isa = PBXGroup;
			children = (
				89E523F41BC3AABC00203D40 /* MGConferenceDatePicker */,
			);
			name = Third;
			sourceTree = "<group>";
		};
		897BA0291BD24B0B0099044F /* Model */ = {
			isa = PBXGroup;
			children = (
				89267D3E1BD224EF00A6253C /* TodoItem.swift */,
				897BA02A1BD24BD70099044F /* DbRecord.swift */,
			);
			name = Model;
			sourceTree = "<group>";
		};
		89E523A51BC2AEAD00203D40 = {
			isa = PBXGroup;
			children = (
				89E523E71BC2B8EA00203D40 /* Bridging-Header.h */,
				89E523B01BC2AEAD00203D40 /* ToDo List */,
				89E523C81BC2AEAD00203D40 /* ToDo ListTests */,
				89E523D31BC2AEAD00203D40 /* ToDo ListUITests */,
				89E523AF1BC2AEAD00203D40 /* Products */,
				BA464F3890A51AD6F85C8F04 /* Pods */,
				09F9C87C7BD5A1B7F98805A5 /* Frameworks */,
			);
			sourceTree = "<group>";
		};
		89E523AF1BC2AEAD00203D40 /* Products */ = {
			isa = PBXGroup;
			children = (
				89E523AE1BC2AEAD00203D40 /* ToDo List.app */,
				89E523C51BC2AEAD00203D40 /* ToDo ListTests.xctest */,
				89E523D01BC2AEAD00203D40 /* ToDo ListUITests.xctest */,
			);
			name = Products;
			sourceTree = "<group>";
		};
		89E523B01BC2AEAD00203D40 /* ToDo List */ = {
			isa = PBXGroup;
			children = (
				893E36FE1C0DD1A700D47CFD /* Third */,
				893E36FD1C0DD19400D47CFD /* Controller */,
				893E36FC1C0DD18600D47CFD /* View */,
				897BA0291BD24B0B0099044F /* Model */,
				893E36FB1C0DD17900D47CFD /* Common */,
				89E523E41BC2B52D00203D40 /* Resource */,
				89E523B11BC2AEAD00203D40 /* AppDelegate.swift */,
				89E523B51BC2AEAD00203D40 /* Main.storyboard */,
				89E523BB1BC2AEAD00203D40 /* Assets.xcassets */,
				89E523BD1BC2AEAD00203D40 /* LaunchScreen.storyboard */,
				89E523C01BC2AEAD00203D40 /* Info.plist */,
				89E523B81BC2AEAD00203D40 /* ToDo_List.xcdatamodeld */,
			);
			path = "ToDo List";
			sourceTree = "<group>";
		};
		89E523C81BC2AEAD00203D40 /* ToDo ListTests */ = {
			isa = PBXGroup;
			children = (
				89E523C91BC2AEAD00203D40 /* ToDo_ListTests.swift */,
				89E523CB1BC2AEAD00203D40 /* Info.plist */,
			);
			path = "ToDo ListTests";
			sourceTree = "<group>";
		};
		89E523D31BC2AEAD00203D40 /* ToDo ListUITests */ = {
			isa = PBXGroup;
			children = (
				89E523D41BC2AEAD00203D40 /* ToDo_ListUITests.swift */,
				89E523D61BC2AEAD00203D40 /* Info.plist */,
			);
			path = "ToDo ListUITests";
			sourceTree = "<group>";
		};
		89E523E41BC2B52D00203D40 /* Resource */ = {
			isa = PBXGroup;
			children = (
				89E523E81BC2BB5300203D40 /* check@2x.png */,
				89E523E91BC2BB5300203D40 /* clock@2x.png */,
				89E523EA1BC2BB5300203D40 /* cross@2x.png */,
				89E523EB1BC2BB5300203D40 /* list@2x.png */,
				89E523E51BC2B53800203D40 /* set.png */,
			);
			name = Resource;
			sourceTree = "<group>";
		};
		89E523F41BC3AABC00203D40 /* MGConferenceDatePicker */ = {
			isa = PBXGroup;
			children = (
				89E523F51BC3AABC00203D40 /* MGCDPImages.xcassets */,
				89E523F61BC3AABC00203D40 /* MGConferenceDatePicker.h */,
				89E523FB1BC3FB3E00203D40 /* MGConferenceDatePicker.m */,
				89E523F81BC3AABC00203D40 /* MGConferenceDatePickerDelegate.h */,
			);
			name = MGConferenceDatePicker;
			path = ../MGConferenceDatePicker;
			sourceTree = "<group>";
		};
		BA464F3890A51AD6F85C8F04 /* Pods */ = {
			isa = PBXGroup;
			children = (
				B5260A2E458FB0035827BFBC /* Pods.debug.xcconfig */,
				BFF672BF54332BDDCCDAFE35 /* Pods.release.xcconfig */,
			);
			name = Pods;
			sourceTree = "<group>";
		};
/* End PBXGroup section */

/* Begin PBXNativeTarget section */
		89E523AD1BC2AEAD00203D40 /* ToDo List */ = {
			isa = PBXNativeTarget;
			buildConfigurationList = 89E523D91BC2AEAD00203D40 /* Build configuration list for PBXNativeTarget "ToDo List" */;
			buildPhases = (
				E2162727FEEFEEA03B45B6AB /* Check Pods Manifest.lock */,
				89E523AA1BC2AEAD00203D40 /* Sources */,
				89E523AB1BC2AEAD00203D40 /* Frameworks */,
				89E523AC1BC2AEAD00203D40 /* Resources */,
				D2E8587BBED74B1B9DE95534 /* Embed Pods Frameworks */,
				8EF4CD6212860BD5A0F4B06D /* Copy Pods Resources */,
			);
			buildRules = (
			);
			dependencies = (
			);
			name = "ToDo List";
			productName = "ToDo List";
			productReference = 89E523AE1BC2AEAD00203D40 /* ToDo List.app */;
			productType = "com.apple.product-type.application";
		};
		89E523C41BC2AEAD00203D40 /* ToDo ListTests */ = {
			isa = PBXNativeTarget;
			buildConfigurationList = 89E523DC1BC2AEAD00203D40 /* Build configuration list for PBXNativeTarget "ToDo ListTests" */;
			buildPhases = (
				89E523C11BC2AEAD00203D40 /* Sources */,
				89E523C21BC2AEAD00203D40 /* Frameworks */,
				89E523C31BC2AEAD00203D40 /* Resources */,
			);
			buildRules = (
			);
			dependencies = (
				89E523C71BC2AEAD00203D40 /* PBXTargetDependency */,
			);
			name = "ToDo ListTests";
			productName = "ToDo ListTests";
			productReference = 89E523C51BC2AEAD00203D40 /* ToDo ListTests.xctest */;
			productType = "com.apple.product-type.bundle.unit-test";
		};
		89E523CF1BC2AEAD00203D40 /* ToDo ListUITests */ = {
			isa = PBXNativeTarget;
			buildConfigurationList = 89E523DF1BC2AEAD00203D40 /* Build configuration list for PBXNativeTarget "ToDo ListUITests" */;
			buildPhases = (
				89E523CC1BC2AEAD00203D40 /* Sources */,
				89E523CD1BC2AEAD00203D40 /* Frameworks */,
				89E523CE1BC2AEAD00203D40 /* Resources */,
			);
			buildRules = (
			);
			dependencies = (
				89E523D21BC2AEAD00203D40 /* PBXTargetDependency */,
			);
			name = "ToDo ListUITests";
			productName = "ToDo ListUITests";
			productReference = 89E523D01BC2AEAD00203D40 /* ToDo ListUITests.xctest */;
			productType = "com.apple.product-type.bundle.ui-testing";
		};
/* End PBXNativeTarget section */

/* Begin PBXProject section */
		89E523A61BC2AEAD00203D40 /* Project object */ = {
			isa = PBXProject;
			attributes = {
				LastUpgradeCheck = 0700;
				ORGANIZATIONNAME = lu;
				TargetAttributes = {
					89E523AD1BC2AEAD00203D40 = {
						CreatedOnToolsVersion = 7.0;
					};
					89E523C41BC2AEAD00203D40 = {
						CreatedOnToolsVersion = 7.0;
						TestTargetID = 89E523AD1BC2AEAD00203D40;
					};
					89E523CF1BC2AEAD00203D40 = {
						CreatedOnToolsVersion = 7.0;
						TestTargetID = 89E523AD1BC2AEAD00203D40;
					};
				};
			};
			buildConfigurationList = 89E523A91BC2AEAD00203D40 /* Build configuration list for PBXProject "ToDo List" */;
			compatibilityVersion = "Xcode 3.2";
			developmentRegion = English;
			hasScannedForEncodings = 0;
			knownRegions = (
				en,
				Base,
			);
			mainGroup = 89E523A51BC2AEAD00203D40;
			productRefGroup = 89E523AF1BC2AEAD00203D40 /* Products */;
			projectDirPath = "";
			projectRoot = "";
			targets = (
				89E523AD1BC2AEAD00203D40 /* ToDo List */,
				89E523C41BC2AEAD00203D40 /* ToDo ListTests */,
				89E523CF1BC2AEAD00203D40 /* ToDo ListUITests */,
			);
		};
/* End PBXProject section */

/* Begin PBXResourcesBuildPhase section */
		89E523AC1BC2AEAD00203D40 /* Resources */ = {
			isa = PBXResourcesBuildPhase;
			buildActionMask = 2147483647;
			files = (
				89E523EC1BC2BB5300203D40 /* check@2x.png in Resources */,
				89E523BF1BC2AEAD00203D40 /* LaunchScreen.storyboard in Resources */,
				89E523BC1BC2AEAD00203D40 /* Assets.xcassets in Resources */,
				89E523ED1BC2BB5300203D40 /* clock@2x.png in Resources */,
				89E523EF1BC2BB5300203D40 /* list@2x.png in Resources */,
				89E523F91BC3AABC00203D40 /* MGCDPImages.xcassets in Resources */,
				89E523EE1BC2BB5300203D40 /* cross@2x.png in Resources */,
				89E523E61BC2B53800203D40 /* set.png in Resources */,
				89E523B71BC2AEAD00203D40 /* Main.storyboard in Resources */,
			);
			runOnlyForDeploymentPostprocessing = 0;
		};
		89E523C31BC2AEAD00203D40 /* Resources */ = {
			isa = PBXResourcesBuildPhase;
			buildActionMask = 2147483647;
			files = (
			);
			runOnlyForDeploymentPostprocessing = 0;
		};
		89E523CE1BC2AEAD00203D40 /* Resources */ = {
			isa = PBXResourcesBuildPhase;
			buildActionMask = 2147483647;
			files = (
			);
			runOnlyForDeploymentPostprocessing = 0;
		};
/* End PBXResourcesBuildPhase section */

/* Begin PBXShellScriptBuildPhase section */
		8EF4CD6212860BD5A0F4B06D /* Copy Pods Resources */ = {
			isa = PBXShellScriptBuildPhase;
			buildActionMask = 2147483647;
			files = (
			);
			inputPaths = (
			);
			name = "Copy Pods Resources";
			outputPaths = (
			);
			runOnlyForDeploymentPostprocessing = 0;
			shellPath = /bin/sh;
			shellScript = "\"${SRCROOT}/Pods/Target Support Files/Pods/Pods-resources.sh\"\n";
			showEnvVarsInLog = 0;
		};
		D2E8587BBED74B1B9DE95534 /* Embed Pods Frameworks */ = {
			isa = PBXShellScriptBuildPhase;
			buildActionMask = 2147483647;
			files = (
			);
			inputPaths = (
			);
			name = "Embed Pods Frameworks";
			outputPaths = (
			);
			runOnlyForDeploymentPostprocessing = 0;
			shellPath = /bin/sh;
			shellScript = "\"${SRCROOT}/Pods/Target Support Files/Pods/Pods-frameworks.sh\"\n";
			showEnvVarsInLog = 0;
		};
		E2162727FEEFEEA03B45B6AB /* Check Pods Manifest.lock */ = {
			isa = PBXShellScriptBuildPhase;
			buildActionMask = 2147483647;
			files = (
			);
			inputPaths = (
			);
			name = "Check Pods Manifest.lock";
			outputPaths = (
			);
			runOnlyForDeploymentPostprocessing = 0;
			shellPath = /bin/sh;
			shellScript = "diff \"${PODS_ROOT}/../Podfile.lock\" \"${PODS_ROOT}/Manifest.lock\" > /dev/null\nif [[ $? != 0 ]] ; then\n    cat << EOM\nerror: The sandbox is not in sync with the Podfile.lock. Run 'pod install' or update your CocoaPods installation.\nEOM\n    exit 1\nfi\n";
			showEnvVarsInLog = 0;
		};
/* End PBXShellScriptBuildPhase section */

/* Begin PBXSourcesBuildPhase section */
		89E523AA1BC2AEAD00203D40 /* Sources */ = {
			isa = PBXSourcesBuildPhase;
			buildActionMask = 2147483647;
			files = (
				893E37001C0DD2CF00D47CFD /* Extension.swift in Sources */,
				897BA02B1BD24BD70099044F /* DbRecord.swift in Sources */,
				897A6D931BD206DF005DD9F2 /* AddViewDelegate.swift in Sources */,
				89E523B21BC2AEAD00203D40 /* AppDelegate.swift in Sources */,
				89E523E31BC2B21700203D40 /* MainTableViewController.swift in Sources */,
				89010C531BCD4D390040E8B5 /* AddView.swift in Sources */,
				89E523FC1BC3FB3E00203D40 /* MGConferenceDatePicker.m in Sources */,
				89E523BA1BC2AEAD00203D40 /* ToDo_List.xcdatamodeld in Sources */,
				89267D3F1BD224EF00A6253C /* TodoItem.swift in Sources */,
			);
			runOnlyForDeploymentPostprocessing = 0;
		};
		89E523C11BC2AEAD00203D40 /* Sources */ = {
			isa = PBXSourcesBuildPhase;
			buildActionMask = 2147483647;
			files = (
				89E523CA1BC2AEAD00203D40 /* ToDo_ListTests.swift in Sources */,
			);
			runOnlyForDeploymentPostprocessing = 0;
		};
		89E523CC1BC2AEAD00203D40 /* Sources */ = {
			isa = PBXSourcesBuildPhase;
			buildActionMask = 2147483647;
			files = (
				89E523D51BC2AEAD00203D40 /* ToDo_ListUITests.swift in Sources */,
			);
			runOnlyForDeploymentPostprocessing = 0;
		};
/* End PBXSourcesBuildPhase section */

/* Begin PBXTargetDependency section */
		89E523C71BC2AEAD00203D40 /* PBXTargetDependency */ = {
			isa = PBXTargetDependency;
			target = 89E523AD1BC2AEAD00203D40 /* ToDo List */;
			targetProxy = 89E523C61BC2AEAD00203D40 /* PBXContainerItemProxy */;
		};
		89E523D21BC2AEAD00203D40 /* PBXTargetDependency */ = {
			isa = PBXTargetDependency;
			target = 89E523AD1BC2AEAD00203D40 /* ToDo List */;
			targetProxy = 89E523D11BC2AEAD00203D40 /* PBXContainerItemProxy */;
		};
/* End PBXTargetDependency section */

/* Begin PBXVariantGroup section */
		89E523B51BC2AEAD00203D40 /* Main.storyboard */ = {
			isa = PBXVariantGroup;
			children = (
				89E523B61BC2AEAD00203D40 /* Base */,
			);
			name = Main.storyboard;
			sourceTree = "<group>";
		};
		89E523BD1BC2AEAD00203D40 /* LaunchScreen.storyboard */ = {
			isa = PBXVariantGroup;
			children = (
				89E523BE1BC2AEAD00203D40 /* Base */,
			);
			name = LaunchScreen.storyboard;
			sourceTree = "<group>";
		};
/* End PBXVariantGroup section */

/* Begin XCBuildConfiguration section */
		89E523D71BC2AEAD00203D40 /* Debug */ = {
			isa = XCBuildConfiguration;
			buildSettings = {
				ALWAYS_SEARCH_USER_PATHS = NO;
				CLANG_CXX_LANGUAGE_STANDARD = "gnu++0x";
				CLANG_CXX_LIBRARY = "libc++";
				CLANG_ENABLE_MODULES = YES;
				CLANG_ENABLE_OBJC_ARC = YES;
				CLANG_WARN_BOOL_CONVERSION = YES;
				CLANG_WARN_CONSTANT_CONVERSION = YES;
				CLANG_WARN_DIRECT_OBJC_ISA_USAGE = YES_ERROR;
				CLANG_WARN_EMPTY_BODY = YES;
				CLANG_WARN_ENUM_CONVERSION = YES;
				CLANG_WARN_INT_CONVERSION = YES;
				CLANG_WARN_OBJC_ROOT_CLASS = YES_ERROR;
				CLANG_WARN_UNREACHABLE_CODE = YES;
				CLANG_WARN__DUPLICATE_METHOD_MATCH = YES;
				"CODE_SIGN_IDENTITY[sdk=iphoneos*]" = "iPhone Developer";
				COPY_PHASE_STRIP = NO;
				DEBUG_INFORMATION_FORMAT = dwarf;
				ENABLE_STRICT_OBJC_MSGSEND = YES;
				ENABLE_TESTABILITY = YES;
				GCC_C_LANGUAGE_STANDARD = gnu99;
				GCC_DYNAMIC_NO_PIC = NO;
				GCC_NO_COMMON_BLOCKS = YES;
				GCC_OPTIMIZATION_LEVEL = 0;
				GCC_PREPROCESSOR_DEFINITIONS = (
					"DEBUG=1",
					"$(inherited)",
				);
				GCC_WARN_64_TO_32_BIT_CONVERSION = YES;
				GCC_WARN_ABOUT_RETURN_TYPE = YES_ERROR;
				GCC_WARN_UNDECLARED_SELECTOR = YES;
				GCC_WARN_UNINITIALIZED_AUTOS = YES_AGGRESSIVE;
				GCC_WARN_UNUSED_FUNCTION = YES;
				GCC_WARN_UNUSED_VARIABLE = YES;
				IPHONEOS_DEPLOYMENT_TARGET = 9.0;
				MTL_ENABLE_DEBUG_INFO = YES;
				ONLY_ACTIVE_ARCH = YES;
				SDKROOT = iphoneos;
				SWIFT_OPTIMIZATION_LEVEL = "-Onone";
			};
			name = Debug;
		};
		89E523D81BC2AEAD00203D40 /* Release */ = {
			isa = XCBuildConfiguration;
			buildSettings = {
				ALWAYS_SEARCH_USER_PATHS = NO;
				CLANG_CXX_LANGUAGE_STANDARD = "gnu++0x";
				CLANG_CXX_LIBRARY = "libc++";
				CLANG_ENABLE_MODULES = YES;
				CLANG_ENABLE_OBJC_ARC = YES;
				CLANG_WARN_BOOL_CONVERSION = YES;
				CLANG_WARN_CONSTANT_CONVERSION = YES;
				CLANG_WARN_DIRECT_OBJC_ISA_USAGE = YES_ERROR;
				CLANG_WARN_EMPTY_BODY = YES;
				CLANG_WARN_ENUM_CONVERSION = YES;
				CLANG_WARN_INT_CONVERSION = YES;
				CLANG_WARN_OBJC_ROOT_CLASS = YES_ERROR;
				CLANG_WARN_UNREACHABLE_CODE = YES;
				CLANG_WARN__DUPLICATE_METHOD_MATCH = YES;
				"CODE_SIGN_IDENTITY[sdk=iphoneos*]" = "iPhone Developer";
				COPY_PHASE_STRIP = NO;
				DEBUG_INFORMATION_FORMAT = "dwarf-with-dsym";
				ENABLE_NS_ASSERTIONS = NO;
				ENABLE_STRICT_OBJC_MSGSEND = YES;
				GCC_C_LANGUAGE_STANDARD = gnu99;
				GCC_NO_COMMON_BLOCKS = YES;
				GCC_WARN_64_TO_32_BIT_CONVERSION = YES;
				GCC_WARN_ABOUT_RETURN_TYPE = YES_ERROR;
				GCC_WARN_UNDECLARED_SELECTOR = YES;
				GCC_WARN_UNINITIALIZED_AUTOS = YES_AGGRESSIVE;
				GCC_WARN_UNUSED_FUNCTION = YES;
				GCC_WARN_UNUSED_VARIABLE = YES;
				IPHONEOS_DEPLOYMENT_TARGET = 9.0;
				MTL_ENABLE_DEBUG_INFO = NO;
				SDKROOT = iphoneos;
				VALIDATE_PRODUCT = YES;
			};
			name = Release;
		};
		89E523DA1BC2AEAD00203D40 /* Debug */ = {
			isa = XCBuildConfiguration;
			baseConfigurationReference = B5260A2E458FB0035827BFBC /* Pods.debug.xcconfig */;
			buildSettings = {
				ASSETCATALOG_COMPILER_APPICON_NAME = AppIcon;
				INFOPLIST_FILE = "ToDo List/Info.plist";
				LD_RUNPATH_SEARCH_PATHS = "$(inherited) @executable_path/Frameworks";
				PRODUCT_BUNDLE_IDENTIFIER = "com.lu.free.todolist.ToDo-List";
				PRODUCT_NAME = "$(TARGET_NAME)";
				SWIFT_OBJC_BRIDGING_HEADER = "Bridging-Header.h";
			};
			name = Debug;
		};
		89E523DB1BC2AEAD00203D40 /* Release */ = {
			isa = XCBuildConfiguration;
			baseConfigurationReference = BFF672BF54332BDDCCDAFE35 /* Pods.release.xcconfig */;
			buildSettings = {
				ASSETCATALOG_COMPILER_APPICON_NAME = AppIcon;
				INFOPLIST_FILE = "ToDo List/Info.plist";
				LD_RUNPATH_SEARCH_PATHS = "$(inherited) @executable_path/Frameworks";
				PRODUCT_BUNDLE_IDENTIFIER = "com.lu.free.todolist.ToDo-List";
				PRODUCT_NAME = "$(TARGET_NAME)";
				SWIFT_OBJC_BRIDGING_HEADER = "Bridging-Header.h";
			};
			name = Release;
		};
		89E523DD1BC2AEAD00203D40 /* Debug */ = {
			isa = XCBuildConfiguration;
			buildSettings = {
				BUNDLE_LOADER = "$(TEST_HOST)";
				INFOPLIST_FILE = "ToDo ListTests/Info.plist";
				LD_RUNPATH_SEARCH_PATHS = "$(inherited) @executable_path/Frameworks @loader_path/Frameworks";
				PRODUCT_BUNDLE_IDENTIFIER = "com.lu.free.todolist.ToDo-ListTests";
				PRODUCT_NAME = "$(TARGET_NAME)";
				TEST_HOST = "$(BUILT_PRODUCTS_DIR)/ToDo List.app/ToDo List";
			};
			name = Debug;
		};
		89E523DE1BC2AEAD00203D40 /* Release */ = {
			isa = XCBuildConfiguration;
			buildSettings = {
				BUNDLE_LOADER = "$(TEST_HOST)";
				INFOPLIST_FILE = "ToDo ListTests/Info.plist";
				LD_RUNPATH_SEARCH_PATHS = "$(inherited) @executable_path/Frameworks @loader_path/Frameworks";
				PRODUCT_BUNDLE_IDENTIFIER = "com.lu.free.todolist.ToDo-ListTests";
				PRODUCT_NAME = "$(TARGET_NAME)";
				TEST_HOST = "$(BUILT_PRODUCTS_DIR)/ToDo List.app/ToDo List";
			};
			name = Release;
		};
		89E523E01BC2AEAD00203D40 /* Debug */ = {
			isa = XCBuildConfiguration;
			buildSettings = {
				INFOPLIST_FILE = "ToDo ListUITests/Info.plist";
				LD_RUNPATH_SEARCH_PATHS = "$(inherited) @executable_path/Frameworks @loader_path/Frameworks";
				PRODUCT_BUNDLE_IDENTIFIER = "com.lu.free.todolist.ToDo-ListUITests";
				PRODUCT_NAME = "$(TARGET_NAME)";
				TEST_TARGET_NAME = "ToDo List";
				USES_XCTRUNNER = YES;
			};
			name = Debug;
		};
		89E523E11BC2AEAD00203D40 /* Release */ = {
			isa = XCBuildConfiguration;
			buildSettings = {
				INFOPLIST_FILE = "ToDo ListUITests/Info.plist";
				LD_RUNPATH_SEARCH_PATHS = "$(inherited) @executable_path/Frameworks @loader_path/Frameworks";
				PRODUCT_BUNDLE_IDENTIFIER = "com.lu.free.todolist.ToDo-ListUITests";
				PRODUCT_NAME = "$(TARGET_NAME)";
				TEST_TARGET_NAME = "ToDo List";
				USES_XCTRUNNER = YES;
			};
			name = Release;
		};
/* End XCBuildConfiguration section */

/* Begin XCConfigurationList section */
		89E523A91BC2AEAD00203D40 /* Build configuration list for PBXProject "ToDo List" */ = {
			isa = XCConfigurationList;
			buildConfigurations = (
				89E523D71BC2AEAD00203D40 /* Debug */,
				89E523D81BC2AEAD00203D40 /* Release */,
			);
			defaultConfigurationIsVisible = 0;
			defaultConfigurationName = Release;
		};
		89E523D91BC2AEAD00203D40 /* Build configuration list for PBXNativeTarget "ToDo List" */ = {
			isa = XCConfigurationList;
			buildConfigurations = (
				89E523DA1BC2AEAD00203D40 /* Debug */,
				89E523DB1BC2AEAD00203D40 /* Release */,
			);
			defaultConfigurationIsVisible = 0;
			defaultConfigurationName = Release;
		};
		89E523DC1BC2AEAD00203D40 /* Build configuration list for PBXNativeTarget "ToDo ListTests" */ = {
			isa = XCConfigurationList;
			buildConfigurations = (
				89E523DD1BC2AEAD00203D40 /* Debug */,
				89E523DE1BC2AEAD00203D40 /* Release */,
			);
			defaultConfigurationIsVisible = 0;
			defaultConfigurationName = Release;
		};
		89E523DF1BC2AEAD00203D40 /* Build configuration list for PBXNativeTarget "ToDo ListUITests" */ = {
			isa = XCConfigurationList;
			buildConfigurations = (
				89E523E01BC2AEAD00203D40 /* Debug */,
				89E523E11BC2AEAD00203D40 /* Release */,
			);
			defaultConfigurationIsVisible = 0;
			defaultConfigurationName = Release;
		};
/* End XCConfigurationList section */

/* Begin XCVersionGroup section */
		89E523B81BC2AEAD00203D40 /* ToDo_List.xcdatamodeld */ = {
			isa = XCVersionGroup;
			children = (
				89E523B91BC2AEAD00203D40 /* ToDo_List.xcdatamodel */,
			);
			currentVersion = 89E523B91BC2AEAD00203D40 /* ToDo_List.xcdatamodel */;
			path = ToDo_List.xcdatamodeld;
			sourceTree = "<group>";
			versionGroupType = wrapper.xcdatamodel;
		};
/* End XCVersionGroup section */
	};
	rootObject = 89E523A61BC2AEAD00203D40 /* Project object */;
}
